
Microsoft Visual Studio Solution File, Format Version 12.00
# Visual Studio Version 17
VisualStudioVersion = 17.10.34928.147
MinimumVisualStudioVersion = 10.0.40219.1
Project("{FAE04EC0-301F-11D3-BF4B-00C04F79EFBC}") = "Todo10195594", "Todo10195594\Todo10195594.csproj", "{6836CC74-8E4E-4C49-B80E-7C61FBD0E2DC}"
EndProject
Global
	GlobalSection(SolutionConfigurationPlatforms) = preSolution
		Debug|Any CPU = Debug|Any CPU
		Release|Any CPU = Release|Any CPU
	EndGlobalSection
	GlobalSection(ProjectConfigurationPlatforms) = postSolution
		{6836CC74-8E4E-4C49-B80E-7C61FBD0E2DC}.Debug|Any CPU.ActiveCfg = Debug|Any CPU
		{6836CC74-8E4E-4C49-B80E-7C61FBD0E2DC}.Debug|Any CPU.Build.0 = Debug|Any CPU
		{6836CC74-8E4E-4C49-B80E-7C61FBD0E2DC}.Debug|Any CPU.Deploy.0 = Debug|Any CPU
		{6836CC74-8E4E-4C49-B80E-7C61FBD0E2DC}.Release|Any CPU.ActiveCfg = Release|Any CPU
		{6836CC74-8E4E-4C49-B80E-7C61FBD0E2DC}.Release|Any CPU.Build.0 = Release|Any CPU
		{6836CC74-8E4E-4C49-B80E-7C61FBD0E2DC}.Release|Any CPU.Deploy.0 = Release|Any CPU
	EndGlobalSection
	GlobalSection(SolutionProperties) = preSolution
		HideSolutionNode = FALSE
	EndGlobalSection
	GlobalSection(ExtensibilityGlobals) = postSolution
		SolutionGuid = {AADD35DE-61DB-416A-A2B5-BE22380CF4D7}
	EndGlobalSection
EndGlobal
